
Microsoft Visual Studio Solution File, Format Version 12.00
# Visual Studio Version 17
VisualStudioVersion = 17.0.31903.59
MinimumVisualStudioVersion = 10.0.40219.1
Project("{FAE04EC0-301F-11D3-BF4B-00C04F79EFBC}") = "WebApp", "WebApp\WebApp.csproj", "{AF631D70-187F-4DD8-92A4-66E66B20DF7D}"
EndProject
Project("{FAE04EC0-301F-11D3-BF4B-00C04F79EFBC}") = "CoreLib", "CoreLib\CoreLib.csproj", "{7DA0A7C7-F35E-4194-9306-403B4940371D}"
EndProject
Project("{FAE04EC0-301F-11D3-BF4B-00C04F79EFBC}") = "CoreLibTests", "CoreLibTests\CoreLibTests.csproj", "{834DE9EA-93EA-4768-B765-656E6B56A81E}"
EndProject
Global
	GlobalSection(SolutionConfigurationPlatforms) = preSolution
		Debug|Any CPU = Debug|Any CPU
		Release|Any CPU = Release|Any CPU
	EndGlobalSection
	GlobalSection(SolutionProperties) = preSolution
		HideSolutionNode = FALSE
	EndGlobalSection
	GlobalSection(ProjectConfigurationPlatforms) = postSolution
		{AF631D70-187F-4DD8-92A4-66E66B20DF7D}.Debug|Any CPU.ActiveCfg = Debug|Any CPU
		{AF631D70-187F-4DD8-92A4-66E66B20DF7D}.Debug|Any CPU.Build.0 = Debug|Any CPU
		{AF631D70-187F-4DD8-92A4-66E66B20DF7D}.Release|Any CPU.ActiveCfg = Release|Any CPU
		{AF631D70-187F-4DD8-92A4-66E66B20DF7D}.Release|Any CPU.Build.0 = Release|Any CPU
		{7DA0A7C7-F35E-4194-9306-403B4940371D}.Debug|Any CPU.ActiveCfg = Debug|Any CPU
		{7DA0A7C7-F35E-4194-9306-403B4940371D}.Debug|Any CPU.Build.0 = Debug|Any CPU
		{7DA0A7C7-F35E-4194-9306-403B4940371D}.Release|Any CPU.ActiveCfg = Release|Any CPU
		{7DA0A7C7-F35E-4194-9306-403B4940371D}.Release|Any CPU.Build.0 = Release|Any CPU
		{834DE9EA-93EA-4768-B765-656E6B56A81E}.Debug|Any CPU.ActiveCfg = Debug|Any CPU
		{834DE9EA-93EA-4768-B765-656E6B56A81E}.Debug|Any CPU.Build.0 = Debug|Any CPU
		{834DE9EA-93EA-4768-B765-656E6B56A81E}.Release|Any CPU.ActiveCfg = Release|Any CPU
		{834DE9EA-93EA-4768-B765-656E6B56A81E}.Release|Any CPU.Build.0 = Release|Any CPU
	EndGlobalSection
EndGlobal
